
Microsoft Visual Studio Solution File, Format Version 12.00
# Visual Studio Version 17
VisualStudioVersion = 17.4.33213.308
MinimumVisualStudioVersion = 10.0.40219.1
Project("{FAE04EC0-301F-11D3-BF4B-00C04F79EFBC}") = "db people", "db people.csproj", "{2F15C3B8-B84D-46ED-B030-664424F709EF}"
EndProject
Global
	GlobalSection(SolutionConfigurationPlatforms) = preSolution
		Debug|Any CPU = Debug|Any CPU
		Release|Any CPU = Release|Any CPU
	EndGlobalSection
	GlobalSection(ProjectConfigurationPlatforms) = postSolution
		{2F15C3B8-B84D-46ED-B030-664424F709EF}.Debug|Any CPU.ActiveCfg = Debug|Any CPU
		{2F15C3B8-B84D-46ED-B030-664424F709EF}.Debug|Any CPU.Build.0 = Debug|Any CPU
		{2F15C3B8-B84D-46ED-B030-664424F709EF}.Release|Any CPU.ActiveCfg = Release|Any CPU
		{2F15C3B8-B84D-46ED-B030-664424F709EF}.Release|Any CPU.Build.0 = Release|Any CPU
	EndGlobalSection
	GlobalSection(SolutionProperties) = preSolution
		HideSolutionNode = FALSE
	EndGlobalSection
	GlobalSection(ExtensibilityGlobals) = postSolution
		SolutionGuid = {B87A677B-6AA4-482F-96ED-74AB00B0D270}
	EndGlobalSection
EndGlobal
