
Microsoft Visual Studio Solution File, Format Version 12.00
# Visual Studio Version 17
VisualStudioVersion = 17.4.33213.308
MinimumVisualStudioVersion = 10.0.40219.1
Project("{FAE04EC0-301F-11D3-BF4B-00C04F79EFBC}") = "фото", "фото.csproj", "{964F87C0-A7E4-4229-B5F3-6E8A03BE8EDD}"
EndProject
Global
	GlobalSection(SolutionConfigurationPlatforms) = preSolution
		Debug|Any CPU = Debug|Any CPU
		Release|Any CPU = Release|Any CPU
	EndGlobalSection
	GlobalSection(ProjectConfigurationPlatforms) = postSolution
		{964F87C0-A7E4-4229-B5F3-6E8A03BE8EDD}.Debug|Any CPU.ActiveCfg = Debug|Any CPU
		{964F87C0-A7E4-4229-B5F3-6E8A03BE8EDD}.Debug|Any CPU.Build.0 = Debug|Any CPU
		{964F87C0-A7E4-4229-B5F3-6E8A03BE8EDD}.Release|Any CPU.ActiveCfg = Release|Any CPU
		{964F87C0-A7E4-4229-B5F3-6E8A03BE8EDD}.Release|Any CPU.Build.0 = Release|Any CPU
	EndGlobalSection
	GlobalSection(SolutionProperties) = preSolution
		HideSolutionNode = FALSE
	EndGlobalSection
	GlobalSection(ExtensibilityGlobals) = postSolution
		SolutionGuid = {10E1C4C9-C2A2-4C8B-BE80-79164138ED25}
	EndGlobalSection
EndGlobal
